// !$*UTF8*$!
{
	archiveVersion = 1;
	classes = {
	};
	objectVersion = 55;
	objects = {

/* Begin PBXBuildFile section */
		5A14BF782819C6100068EB46 /* TableDatasource.swift in Sources */ = {isa = PBXBuildFile; fileRef = 5A14BF772819C6100068EB46 /* TableDatasource.swift */; };
		5AE95DB0281599C200E3C4E5 /* AppDelegate.swift in Sources */ = {isa = PBXBuildFile; fileRef = 5AE95DAF281599C200E3C4E5 /* AppDelegate.swift */; };
		5AE95DB2281599C200E3C4E5 /* SceneDelegate.swift in Sources */ = {isa = PBXBuildFile; fileRef = 5AE95DB1281599C200E3C4E5 /* SceneDelegate.swift */; };
		5AE95DB4281599C200E3C4E5 /* TableViewController.swift in Sources */ = {isa = PBXBuildFile; fileRef = 5AE95DB3281599C200E3C4E5 /* TableViewController.swift */; };
		5AE95DB9281599C400E3C4E5 /* Assets.xcassets in Resources */ = {isa = PBXBuildFile; fileRef = 5AE95DB8281599C400E3C4E5 /* Assets.xcassets */; };
		5AE95DBC281599C400E3C4E5 /* LaunchScreen.storyboard in Resources */ = {isa = PBXBuildFile; fileRef = 5AE95DBA281599C400E3C4E5 /* LaunchScreen.storyboard */; };
		5AE95DC7281599C400E3C4E5 /* responsive_tableviewTests.swift in Sources */ = {isa = PBXBuildFile; fileRef = 5AE95DC6281599C400E3C4E5 /* responsive_tableviewTests.swift */; };
		5AE95DD1281599C400E3C4E5 /* responsive_tableviewUITests.swift in Sources */ = {isa = PBXBuildFile; fileRef = 5AE95DD0281599C400E3C4E5 /* responsive_tableviewUITests.swift */; };
		5AE95DD3281599C400E3C4E5 /* responsive_tableviewUITestsLaunchTests.swift in Sources */ = {isa = PBXBuildFile; fileRef = 5AE95DD2281599C400E3C4E5 /* responsive_tableviewUITestsLaunchTests.swift */; };
		5AE95E3C2818DBFD00E3C4E5 /* TableViewModel.swift in Sources */ = {isa = PBXBuildFile; fileRef = 5AE95E3B2818DBFD00E3C4E5 /* TableViewModel.swift */; };
/* End PBXBuildFile section */

/* Begin PBXContainerItemProxy section */
		5AE95DC3281599C400E3C4E5 /* PBXContainerItemProxy */ = {
			isa = PBXContainerItemProxy;
			containerPortal = 5AE95DA4281599C200E3C4E5 /* Project object */;
			proxyType = 1;
			remoteGlobalIDString = 5AE95DAB281599C200E3C4E5;
			remoteInfo = "responsive-tableview";
		};
		5AE95DCD281599C400E3C4E5 /* PBXContainerItemProxy */ = {
			isa = PBXContainerItemProxy;
			containerPortal = 5AE95DA4281599C200E3C4E5 /* Project object */;
			proxyType = 1;
			remoteGlobalIDString = 5AE95DAB281599C200E3C4E5;
			remoteInfo = "responsive-tableview";
		};
/* End PBXContainerItemProxy section */

/* Begin PBXFileReference section */
		5A14BF772819C6100068EB46 /* TableDatasource.swift */ = {isa = PBXFileReference; lastKnownFileType = sourcecode.swift; path = TableDatasource.swift; sourceTree = "<group>"; };
		5AE95DAC281599C200E3C4E5 /* responsive-tableview.app */ = {isa = PBXFileReference; explicitFileType = wrapper.application; includeInIndex = 0; path = "responsive-tableview.app"; sourceTree = BUILT_PRODUCTS_DIR; };
		5AE95DAF281599C200E3C4E5 /* AppDelegate.swift */ = {isa = PBXFileReference; lastKnownFileType = sourcecode.swift; path = AppDelegate.swift; sourceTree = "<group>"; };
		5AE95DB1281599C200E3C4E5 /* SceneDelegate.swift */ = {isa = PBXFileReference; lastKnownFileType = sourcecode.swift; path = SceneDelegate.swift; sourceTree = "<group>"; };
		5AE95DB3281599C200E3C4E5 /* TableViewController.swift */ = {isa = PBXFileReference; lastKnownFileType = sourcecode.swift; path = TableViewController.swift; sourceTree = "<group>"; };
		5AE95DB8281599C400E3C4E5 /* Assets.xcassets */ = {isa = PBXFileReference; lastKnownFileType = folder.assetcatalog; path = Assets.xcassets; sourceTree = "<group>"; };
		5AE95DBB281599C400E3C4E5 /* Base */ = {isa = PBXFileReference; lastKnownFileType = file.storyboard; name = Base; path = Base.lproj/LaunchScreen.storyboard; sourceTree = "<group>"; };
		5AE95DBD281599C400E3C4E5 /* Info.plist */ = {isa = PBXFileReference; lastKnownFileType = text.plist.xml; path = Info.plist; sourceTree = "<group>"; };
		5AE95DC2281599C400E3C4E5 /* responsive-tableviewTests.xctest */ = {isa = PBXFileReference; explicitFileType = wrapper.cfbundle; includeInIndex = 0; path = "responsive-tableviewTests.xctest"; sourceTree = BUILT_PRODUCTS_DIR; };
		5AE95DC6281599C400E3C4E5 /* responsive_tableviewTests.swift */ = {isa = PBXFileReference; lastKnownFileType = sourcecode.swift; path = responsive_tableviewTests.swift; sourceTree = "<group>"; };
		5AE95DCC281599C400E3C4E5 /* responsive-tableviewUITests.xctest */ = {isa = PBXFileReference; explicitFileType = wrapper.cfbundle; includeInIndex = 0; path = "responsive-tableviewUITests.xctest"; sourceTree = BUILT_PRODUCTS_DIR; };
		5AE95DD0281599C400E3C4E5 /* responsive_tableviewUITests.swift */ = {isa = PBXFileReference; lastKnownFileType = sourcecode.swift; path = responsive_tableviewUITests.swift; sourceTree = "<group>"; };
		5AE95DD2281599C400E3C4E5 /* responsive_tableviewUITestsLaunchTests.swift */ = {isa = PBXFileReference; lastKnownFileType = sourcecode.swift; path = responsive_tableviewUITestsLaunchTests.swift; sourceTree = "<group>"; };
		5AE95E3B2818DBFD00E3C4E5 /* TableViewModel.swift */ = {isa = PBXFileReference; lastKnownFileType = sourcecode.swift; path = TableViewModel.swift; sourceTree = "<group>"; };
/* End PBXFileReference section */

/* Begin PBXFrameworksBuildPhase section */
		5AE95DA9281599C200E3C4E5 /* Frameworks */ = {
			isa = PBXFrameworksBuildPhase;
			buildActionMask = 2147483647;
			files = (
			);
			runOnlyForDeploymentPostprocessing = 0;
		};
		5AE95DBF281599C400E3C4E5 /* Frameworks */ = {
			isa = PBXFrameworksBuildPhase;
			buildActionMask = 2147483647;
			files = (
			);
			runOnlyForDeploymentPostprocessing = 0;
		};
		5AE95DC9281599C400E3C4E5 /* Frameworks */ = {
			isa = PBXFrameworksBuildPhase;
			buildActionMask = 2147483647;
			files = (
			);
			runOnlyForDeploymentPostprocessing = 0;
		};
/* End PBXFrameworksBuildPhase section */

/* Begin PBXGroup section */
		5AE95DA3281599C200E3C4E5 = {
			isa = PBXGroup;
			children = (
				5AE95DAE281599C200E3C4E5 /* responsive-tableview */,
				5AE95DC5281599C400E3C4E5 /* responsive-tableviewTests */,
				5AE95DCF281599C400E3C4E5 /* responsive-tableviewUITests */,
				5AE95DAD281599C200E3C4E5 /* Products */,
			);
			sourceTree = "<group>";
		};
		5AE95DAD281599C200E3C4E5 /* Products */ = {
			isa = PBXGroup;
			children = (
				5AE95DAC281599C200E3C4E5 /* responsive-tableview.app */,
				5AE95DC2281599C400E3C4E5 /* responsive-tableviewTests.xctest */,
				5AE95DCC281599C400E3C4E5 /* responsive-tableviewUITests.xctest */,
			);
			name = Products;
			sourceTree = "<group>";
		};
		5AE95DAE281599C200E3C4E5 /* responsive-tableview */ = {
			isa = PBXGroup;
			children = (
				5AE95DAF281599C200E3C4E5 /* AppDelegate.swift */,
				5AE95DB1281599C200E3C4E5 /* SceneDelegate.swift */,
				5AE95DB3281599C200E3C4E5 /* TableViewController.swift */,
				5AE95DB8281599C400E3C4E5 /* Assets.xcassets */,
				5AE95DBA281599C400E3C4E5 /* LaunchScreen.storyboard */,
				5AE95DBD281599C400E3C4E5 /* Info.plist */,
				5AE95E3B2818DBFD00E3C4E5 /* TableViewModel.swift */,
				5A14BF772819C6100068EB46 /* TableDatasource.swift */,
			);
			path = "responsive-tableview";
			sourceTree = "<group>";
		};
		5AE95DC5281599C400E3C4E5 /* responsive-tableviewTests */ = {
			isa = PBXGroup;
			children = (
				5AE95DC6281599C400E3C4E5 /* responsive_tableviewTests.swift */,
			);
			path = "responsive-tableviewTests";
			sourceTree = "<group>";
		};
		5AE95DCF281599C400E3C4E5 /* responsive-tableviewUITests */ = {
			isa = PBXGroup;
			children = (
				5AE95DD0281599C400E3C4E5 /* responsive_tableviewUITests.swift */,
				5AE95DD2281599C400E3C4E5 /* responsive_tableviewUITestsLaunchTests.swift */,
			);
			path = "responsive-tableviewUITests";
			sourceTree = "<group>";
		};
/* End PBXGroup section */

/* Begin PBXNativeTarget section */
		5AE95DAB281599C200E3C4E5 /* responsive-tableview */ = {
			isa = PBXNativeTarget;
			buildConfigurationList = 5AE95DD6281599C400E3C4E5 /* Build configuration list for PBXNativeTarget "responsive-tableview" */;
			buildPhases = (
				5AE95DA8281599C200E3C4E5 /* Sources */,
				5AE95DA9281599C200E3C4E5 /* Frameworks */,
				5AE95DAA281599C200E3C4E5 /* Resources */,
			);
			buildRules = (
			);
			dependencies = (
			);
			name = "responsive-tableview";
			productName = "responsive-tableview";
			productReference = 5AE95DAC281599C200E3C4E5 /* responsive-tableview.app */;
			productType = "com.apple.product-type.application";
		};
		5AE95DC1281599C400E3C4E5 /* responsive-tableviewTests */ = {
			isa = PBXNativeTarget;
			buildConfigurationList = 5AE95DD9281599C400E3C4E5 /* Build configuration list for PBXNativeTarget "responsive-tableviewTests" */;
			buildPhases = (
				5AE95DBE281599C400E3C4E5 /* Sources */,
				5AE95DBF281599C400E3C4E5 /* Frameworks */,
				5AE95DC0281599C400E3C4E5 /* Resources */,
			);
			buildRules = (
			);
			dependencies = (
				5AE95DC4281599C400E3C4E5 /* PBXTargetDependency */,
			);
			name = "responsive-tableviewTests";
			productName = "responsive-tableviewTests";
			productReference = 5AE95DC2281599C400E3C4E5 /* responsive-tableviewTests.xctest */;
			productType = "com.apple.product-type.bundle.unit-test";
		};
		5AE95DCB281599C400E3C4E5 /* responsive-tableviewUITests */ = {
			isa = PBXNativeTarget;
			buildConfigurationList = 5AE95DDC281599C400E3C4E5 /* Build configuration list for PBXNativeTarget "responsive-tableviewUITests" */;
			buildPhases = (
				5AE95DC8281599C400E3C4E5 /* Sources */,
				5AE95DC9281599C400E3C4E5 /* Frameworks */,
				5AE95DCA281599C400E3C4E5 /* Resources */,
			);
			buildRules = (
			);
			dependencies = (
				5AE95DCE281599C400E3C4E5 /* PBXTargetDependency */,
			);
			name = "responsive-tableviewUITests";
			productName = "responsive-tableviewUITests";
			productReference = 5AE95DCC281599C400E3C4E5 /* responsive-tableviewUITests.xctest */;
			productType = "com.apple.product-type.bundle.ui-testing";
		};
/* End PBXNativeTarget section */

/* Begin PBXProject section */
		5AE95DA4281599C200E3C4E5 /* Project object */ = {
			isa = PBXProject;
			attributes = {
				BuildIndependentTargetsInParallel = 1;
				LastSwiftUpdateCheck = 1330;
				LastUpgradeCheck = 1330;
				TargetAttributes = {
					5AE95DAB281599C200E3C4E5 = {
						CreatedOnToolsVersion = 13.3.1;
					};
					5AE95DC1281599C400E3C4E5 = {
						CreatedOnToolsVersion = 13.3.1;
						TestTargetID = 5AE95DAB281599C200E3C4E5;
					};
					5AE95DCB281599C400E3C4E5 = {
						CreatedOnToolsVersion = 13.3.1;
						TestTargetID = 5AE95DAB281599C200E3C4E5;
					};
				};
			};
			buildConfigurationList = 5AE95DA7281599C200E3C4E5 /* Build configuration list for PBXProject "responsive-tableview" */;
			compatibilityVersion = "Xcode 13.0";
			developmentRegion = en;
			hasScannedForEncodings = 0;
			knownRegions = (
				en,
				Base,
			);
			mainGroup = 5AE95DA3281599C200E3C4E5;
			productRefGroup = 5AE95DAD281599C200E3C4E5 /* Products */;
			projectDirPath = "";
			projectRoot = "";
			targets = (
				5AE95DAB281599C200E3C4E5 /* responsive-tableview */,
				5AE95DC1281599C400E3C4E5 /* responsive-tableviewTests */,
				5AE95DCB281599C400E3C4E5 /* responsive-tableviewUITests */,
			);
		};
/* End PBXProject section */

/* Begin PBXResourcesBuildPhase section */
		5AE95DAA281599C200E3C4E5 /* Resources */ = {
			isa = PBXResourcesBuildPhase;
			buildActionMask = 2147483647;
			files = (
				5AE95DBC281599C400E3C4E5 /* LaunchScreen.storyboard in Resources */,
				5AE95DB9281599C400E3C4E5 /* Assets.xcassets in Resources */,
			);
			runOnlyForDeploymentPostprocessing = 0;
		};
		5AE95DC0281599C400E3C4E5 /* Resources */ = {
			isa = PBXResourcesBuildPhase;
			buildActionMask = 2147483647;
			files = (
			);
			runOnlyForDeploymentPostprocessing = 0;
		};
		5AE95DCA281599C400E3C4E5 /* Resources */ = {
			isa = PBXResourcesBuildPhase;
			buildActionMask = 2147483647;
			files = (
			);
			runOnlyForDeploymentPostprocessing = 0;
		};
/* End PBXResourcesBuildPhase section */

/* Begin PBXSourcesBuildPhase section */
		5AE95DA8281599C200E3C4E5 /* Sources */ = {
			isa = PBXSourcesBuildPhase;
			buildActionMask = 2147483647;
			files = (
				5A14BF782819C6100068EB46 /* TableDatasource.swift in Sources */,
				5AE95DB4281599C200E3C4E5 /* TableViewController.swift in Sources */,
				5AE95DB0281599C200E3C4E5 /* AppDelegate.swift in Sources */,
				5AE95DB2281599C200E3C4E5 /* SceneDelegate.swift in Sources */,
				5AE95E3C2818DBFD00E3C4E5 /* TableViewModel.swift in Sources */,
			);
			runOnlyForDeploymentPostprocessing = 0;
		};
		5AE95DBE281599C400E3C4E5 /* Sources */ = {
			isa = PBXSourcesBuildPhase;
			buildActionMask = 2147483647;
			files = (
				5AE95DC7281599C400E3C4E5 /* responsive_tableviewTests.swift in Sources */,
			);
			runOnlyForDeploymentPostprocessing = 0;
		};
		5AE95DC8281599C400E3C4E5 /* Sources */ = {
			isa = PBXSourcesBuildPhase;
			buildActionMask = 2147483647;
			files = (
				5AE95DD3281599C400E3C4E5 /* responsive_tableviewUITestsLaunchTests.swift in Sources */,
				5AE95DD1281599C400E3C4E5 /* responsive_tableviewUITests.swift in Sources */,
			);
			runOnlyForDeploymentPostprocessing = 0;
		};
/* End PBXSourcesBuildPhase section */

/* Begin PBXTargetDependency section */
		5AE95DC4281599C400E3C4E5 /* PBXTargetDependency */ = {
			isa = PBXTargetDependency;
			target = 5AE95DAB281599C200E3C4E5 /* responsive-tableview */;
			targetProxy = 5AE95DC3281599C400E3C4E5 /* PBXContainerItemProxy */;
		};
		5AE95DCE281599C400E3C4E5 /* PBXTargetDependency */ = {
			isa = PBXTargetDependency;
			target = 5AE95DAB281599C200E3C4E5 /* responsive-tableview */;
			targetProxy = 5AE95DCD281599C400E3C4E5 /* PBXContainerItemProxy */;
		};
/* End PBXTargetDependency section */

/* Begin PBXVariantGroup section */
		5AE95DBA281599C400E3C4E5 /* LaunchScreen.storyboard */ = {
			isa = PBXVariantGroup;
			children = (
				5AE95DBB281599C400E3C4E5 /* Base */,
			);
			name = LaunchScreen.storyboard;
			sourceTree = "<group>";
		};
/* End PBXVariantGroup section */

/* Begin XCBuildConfiguration section */
		5AE95DD4281599C400E3C4E5 /* Debug */ = {
			isa = XCBuildConfiguration;
			buildSettings = {
				ALWAYS_SEARCH_USER_PATHS = NO;
				CLANG_ANALYZER_NONNULL = YES;
				CLANG_ANALYZER_NUMBER_OBJECT_CONVERSION = YES_AGGRESSIVE;
				CLANG_CXX_LANGUAGE_STANDARD = "gnu++17";
				CLANG_ENABLE_MODULES = YES;
				CLANG_ENABLE_OBJC_ARC = YES;
				CLANG_ENABLE_OBJC_WEAK = YES;
				CLANG_WARN_BLOCK_CAPTURE_AUTORELEASING = YES;
				CLANG_WARN_BOOL_CONVERSION = YES;
				CLANG_WARN_COMMA = YES;
				CLANG_WARN_CONSTANT_CONVERSION = YES;
				CLANG_WARN_DEPRECATED_OBJC_IMPLEMENTATIONS = YES;
				CLANG_WARN_DIRECT_OBJC_ISA_USAGE = YES_ERROR;
				CLANG_WARN_DOCUMENTATION_COMMENTS = YES;
				CLANG_WARN_EMPTY_BODY = YES;
				CLANG_WARN_ENUM_CONVERSION = YES;
				CLANG_WARN_INFINITE_RECURSION = YES;
				CLANG_WARN_INT_CONVERSION = YES;
				CLANG_WARN_NON_LITERAL_NULL_CONVERSION = YES;
				CLANG_WARN_OBJC_IMPLICIT_RETAIN_SELF = YES;
				CLANG_WARN_OBJC_LITERAL_CONVERSION = YES;
				CLANG_WARN_OBJC_ROOT_CLASS = YES_ERROR;
				CLANG_WARN_QUOTED_INCLUDE_IN_FRAMEWORK_HEADER = YES;
				CLANG_WARN_RANGE_LOOP_ANALYSIS = YES;
				CLANG_WARN_STRICT_PROTOTYPES = YES;
				CLANG_WARN_SUSPICIOUS_MOVE = YES;
				CLANG_WARN_UNGUARDED_AVAILABILITY = YES_AGGRESSIVE;
				CLANG_WARN_UNREACHABLE_CODE = YES;
				CLANG_WARN__DUPLICATE_METHOD_MATCH = YES;
				COPY_PHASE_STRIP = NO;
				DEBUG_INFORMATION_FORMAT = dwarf;
				ENABLE_STRICT_OBJC_MSGSEND = YES;
				ENABLE_TESTABILITY = YES;
				GCC_C_LANGUAGE_STANDARD = gnu11;
				GCC_DYNAMIC_NO_PIC = NO;
				GCC_NO_COMMON_BLOCKS = YES;
				GCC_OPTIMIZATION_LEVEL = 0;
				GCC_PREPROCESSOR_DEFINITIONS = (
					"DEBUG=1",
					"$(inherited)",
				);
				GCC_WARN_64_TO_32_BIT_CONVERSION = YES;
				GCC_WARN_ABOUT_RETURN_TYPE = YES_ERROR;
				GCC_WARN_UNDECLARED_SELECTOR = YES;
				GCC_WARN_UNINITIALIZED_AUTOS = YES_AGGRESSIVE;
				GCC_WARN_UNUSED_FUNCTION = YES;
				GCC_WARN_UNUSED_VARIABLE = YES;
				IPHONEOS_DEPLOYMENT_TARGET = 15.4;
				MTL_ENABLE_DEBUG_INFO = INCLUDE_SOURCE;
				MTL_FAST_MATH = YES;
				ONLY_ACTIVE_ARCH = YES;
				SDKROOT = iphoneos;
				SWIFT_ACTIVE_COMPILATION_CONDITIONS = DEBUG;
				SWIFT_OPTIMIZATION_LEVEL = "-Onone";
			};
			name = Debug;
		};
		5AE95DD5281599C400E3C4E5 /* Release */ = {
			isa = XCBuildConfiguration;
			buildSettings = {
				ALWAYS_SEARCH_USER_PATHS = NO;
				CLANG_ANALYZER_NONNULL = YES;
				CLANG_ANALYZER_NUMBER_OBJECT_CONVERSION = YES_AGGRESSIVE;
				CLANG_CXX_LANGUAGE_STANDARD = "gnu++17";
				CLANG_ENABLE_MODULES = YES;
				CLANG_ENABLE_OBJC_ARC = YES;
				CLANG_ENABLE_OBJC_WEAK = YES;
				CLANG_WARN_BLOCK_CAPTURE_AUTORELEASING = YES;
				CLANG_WARN_BOOL_CONVERSION = YES;
				CLANG_WARN_COMMA = YES;
				CLANG_WARN_CONSTANT_CONVERSION = YES;
				CLANG_WARN_DEPRECATED_OBJC_IMPLEMENTATIONS = YES;
				CLANG_WARN_DIRECT_OBJC_ISA_USAGE = YES_ERROR;
				CLANG_WARN_DOCUMENTATION_COMMENTS = YES;
				CLANG_WARN_EMPTY_BODY = YES;
				CLANG_WARN_ENUM_CONVERSION = YES;
				CLANG_WARN_INFINITE_RECURSION = YES;
				CLANG_WARN_INT_CONVERSION = YES;
				CLANG_WARN_NON_LITERAL_NULL_CONVERSION = YES;
				CLANG_WARN_OBJC_IMPLICIT_RETAIN_SELF = YES;
				CLANG_WARN_OBJC_LITERAL_CONVERSION = YES;
				CLANG_WARN_OBJC_ROOT_CLASS = YES_ERROR;
				CLANG_WARN_QUOTED_INCLUDE_IN_FRAMEWORK_HEADER = YES;
				CLANG_WARN_RANGE_LOOP_ANALYSIS = YES;
				CLANG_WARN_STRICT_PROTOTYPES = YES;
				CLANG_WARN_SUSPICIOUS_MOVE = YES;
				CLANG_WARN_UNGUARDED_AVAILABILITY = YES_AGGRESSIVE;
				CLANG_WARN_UNREACHABLE_CODE = YES;
				CLANG_WARN__DUPLICATE_METHOD_MATCH = YES;
				COPY_PHASE_STRIP = NO;
				DEBUG_INFORMATION_FORMAT = "dwarf-with-dsym";
				ENABLE_NS_ASSERTIONS = NO;
				ENABLE_STRICT_OBJC_MSGSEND = YES;
				GCC_C_LANGUAGE_STANDARD = gnu11;
				GCC_NO_COMMON_BLOCKS = YES;
				GCC_WARN_64_TO_32_BIT_CONVERSION = YES;
				GCC_WARN_ABOUT_RETURN_TYPE = YES_ERROR;
				GCC_WARN_UNDECLARED_SELECTOR = YES;
				GCC_WARN_UNINITIALIZED_AUTOS = YES_AGGRESSIVE;
				GCC_WARN_UNUSED_FUNCTION = YES;
				GCC_WARN_UNUSED_VARIABLE = YES;
				IPHONEOS_DEPLOYMENT_TARGET = 15.4;
				MTL_ENABLE_DEBUG_INFO = NO;
				MTL_FAST_MATH = YES;
				SDKROOT = iphoneos;
				SWIFT_COMPILATION_MODE = wholemodule;
				SWIFT_OPTIMIZATION_LEVEL = "-O";
				VALIDATE_PRODUCT = YES;
			};
			name = Release;
		};
		5AE95DD7281599C400E3C4E5 /* Debug */ = {
			isa = XCBuildConfiguration;
			buildSettings = {
				ASSETCATALOG_COMPILER_APPICON_NAME = AppIcon;
				ASSETCATALOG_COMPILER_GLOBAL_ACCENT_COLOR_NAME = AccentColor;
				CODE_SIGN_STYLE = Automatic;
				CURRENT_PROJECT_VERSION = 1;
				GENERATE_INFOPLIST_FILE = YES;
				INFOPLIST_FILE = "responsive-tableview/Info.plist";
				INFOPLIST_KEY_UIApplicationSupportsIndirectInputEvents = YES;
				INFOPLIST_KEY_UILaunchStoryboardName = LaunchScreen;
				INFOPLIST_KEY_UISupportedInterfaceOrientations_iPad = "UIInterfaceOrientationPortrait UIInterfaceOrientationPortraitUpsideDown UIInterfaceOrientationLandscapeLeft UIInterfaceOrientationLandscapeRight";
				INFOPLIST_KEY_UISupportedInterfaceOrientations_iPhone = "UIInterfaceOrientationPortrait UIInterfaceOrientationLandscapeLeft UIInterfaceOrientationLandscapeRight";
				LD_RUNPATH_SEARCH_PATHS = (
					"$(inherited)",
					"@executable_path/Frameworks",
				);
				MARKETING_VERSION = 1.0;
				PRODUCT_BUNDLE_IDENTIFIER = "connorprzybyla.responsive-tableview";
				PRODUCT_NAME = "$(TARGET_NAME)";
				SWIFT_EMIT_LOC_STRINGS = YES;
				SWIFT_VERSION = 5.0;
				TARGETED_DEVICE_FAMILY = "1,2";
			};
			name = Debug;
		};
		5AE95DD8281599C400E3C4E5 /* Release */ = {
			isa = XCBuildConfiguration;
			buildSettings = {
				ASSETCATALOG_COMPILER_APPICON_NAME = AppIcon;
				ASSETCATALOG_COMPILER_GLOBAL_ACCENT_COLOR_NAME = AccentColor;
				CODE_SIGN_STYLE = Automatic;
				CURRENT_PROJECT_VERSION = 1;
				GENERATE_INFOPLIST_FILE = YES;
				INFOPLIST_FILE = "responsive-tableview/Info.plist";
				INFOPLIST_KEY_UIApplicationSupportsIndirectInputEvents = YES;
				INFOPLIST_KEY_UILaunchStoryboardName = LaunchScreen;
				INFOPLIST_KEY_UISupportedInterfaceOrientations_iPad = "UIInterfaceOrientationPortrait UIInterfaceOrientationPortraitUpsideDown UIInterfaceOrientationLandscapeLeft UIInterfaceOrientationLandscapeRight";
				INFOPLIST_KEY_UISupportedInterfaceOrientations_iPhone = "UIInterfaceOrientationPortrait UIInterfaceOrientationLandscapeLeft UIInterfaceOrientationLandscapeRight";
				LD_RUNPATH_SEARCH_PATHS = (
					"$(inherited)",
					"@executable_path/Frameworks",
				);
				MARKETING_VERSION = 1.0;
				PRODUCT_BUNDLE_IDENTIFIER = "connorprzybyla.responsive-tableview";
				PRODUCT_NAME = "$(TARGET_NAME)";
				SWIFT_EMIT_LOC_STRINGS = YES;
				SWIFT_VERSION = 5.0;
				TARGETED_DEVICE_FAMILY = "1,2";
			};
			name = Release;
		};
		5AE95DDA281599C400E3C4E5 /* Debug */ = {
			isa = XCBuildConfiguration;
			buildSettings = {
				ALWAYS_EMBED_SWIFT_STANDARD_LIBRARIES = YES;
				BUNDLE_LOADER = "$(TEST_HOST)";
				CODE_SIGN_STYLE = Automatic;
				CURRENT_PROJECT_VERSION = 1;
				GENERATE_INFOPLIST_FILE = YES;
				IPHONEOS_DEPLOYMENT_TARGET = 15.4;
				MARKETING_VERSION = 1.0;
				PRODUCT_BUNDLE_IDENTIFIER = "connorprzybyla.responsive-tableviewTests";
				PRODUCT_NAME = "$(TARGET_NAME)";
				SWIFT_EMIT_LOC_STRINGS = NO;
				SWIFT_VERSION = 5.0;
				TARGETED_DEVICE_FAMILY = "1,2";
				TEST_HOST = "$(BUILT_PRODUCTS_DIR)/responsive-tableview.app/responsive-tableview";
			};
			name = Debug;
		};
		5AE95DDB281599C400E3C4E5 /* Release */ = {
			isa = XCBuildConfiguration;
			buildSettings = {
				ALWAYS_EMBED_SWIFT_STANDARD_LIBRARIES = YES;
				BUNDLE_LOADER = "$(TEST_HOST)";
				CODE_SIGN_STYLE = Automatic;
				CURRENT_PROJECT_VERSION = 1;
				GENERATE_INFOPLIST_FILE = YES;
				IPHONEOS_DEPLOYMENT_TARGET = 15.4;
				MARKETING_VERSION = 1.0;
				PRODUCT_BUNDLE_IDENTIFIER = "connorprzybyla.responsive-tableviewTests";
				PRODUCT_NAME = "$(TARGET_NAME)";
				SWIFT_EMIT_LOC_STRINGS = NO;
				SWIFT_VERSION = 5.0;
				TARGETED_DEVICE_FAMILY = "1,2";
				TEST_HOST = "$(BUILT_PRODUCTS_DIR)/responsive-tableview.app/responsive-tableview";
			};
			name = Release;
		};
		5AE95DDD281599C400E3C4E5 /* Debug */ = {
			isa = XCBuildConfiguration;
			buildSettings = {
				ALWAYS_EMBED_SWIFT_STANDARD_LIBRARIES = YES;
				CODE_SIGN_STYLE = Automatic;
				CURRENT_PROJECT_VERSION = 1;
				GENERATE_INFOPLIST_FILE = YES;
				MARKETING_VERSION = 1.0;
				PRODUCT_BUNDLE_IDENTIFIER = "connorprzybyla.responsive-tableviewUITests";
				PRODUCT_NAME = "$(TARGET_NAME)";
				SWIFT_EMIT_LOC_STRINGS = NO;
				SWIFT_VERSION = 5.0;
				TARGETED_DEVICE_FAMILY = "1,2";
				TEST_TARGET_NAME = "responsive-tableview";
			};
			name = Debug;
		};
		5AE95DDE281599C400E3C4E5 /* Release */ = {
			isa = XCBuildConfiguration;
			buildSettings = {
				ALWAYS_EMBED_SWIFT_STANDARD_LIBRARIES = YES;
				CODE_SIGN_STYLE = Automatic;
				CURRENT_PROJECT_VERSION = 1;
				GENERATE_INFOPLIST_FILE = YES;
				MARKETING_VERSION = 1.0;
				PRODUCT_BUNDLE_IDENTIFIER = "connorprzybyla.responsive-tableviewUITests";
				PRODUCT_NAME = "$(TARGET_NAME)";
				SWIFT_EMIT_LOC_STRINGS = NO;
				SWIFT_VERSION = 5.0;
				TARGETED_DEVICE_FAMILY = "1,2";
				TEST_TARGET_NAME = "responsive-tableview";
			};
			name = Release;
		};
/* End XCBuildConfiguration section */

/* Begin XCConfigurationList section */
		5AE95DA7281599C200E3C4E5 /* Build configuration list for PBXProject "responsive-tableview" */ = {
			isa = XCConfigurationList;
			buildConfigurations = (
				5AE95DD4281599C400E3C4E5 /* Debug */,
				5AE95DD5281599C400E3C4E5 /* Release */,
			);
			defaultConfigurationIsVisible = 0;
			defaultConfigurationName = Release;
		};
		5AE95DD6281599C400E3C4E5 /* Build configuration list for PBXNativeTarget "responsive-tableview" */ = {
			isa = XCConfigurationList;
			buildConfigurations = (
				5AE95DD7281599C400E3C4E5 /* Debug */,
				5AE95DD8281599C400E3C4E5 /* Release */,
			);
			defaultConfigurationIsVisible = 0;
			defaultConfigurationName = Release;
		};
		5AE95DD9281599C400E3C4E5 /* Build configuration list for PBXNativeTarget "responsive-tableviewTests" */ = {
			isa = XCConfigurationList;
			buildConfigurations = (
				5AE95DDA281599C400E3C4E5 /* Debug */,
				5AE95DDB281599C400E3C4E5 /* Release */,
			);
			defaultConfigurationIsVisible = 0;
			defaultConfigurationName = Release;
		};
		5AE95DDC281599C400E3C4E5 /* Build configuration list for PBXNativeTarget "responsive-tableviewUITests" */ = {
			isa = XCConfigurationList;
			buildConfigurations = (
				5AE95DDD281599C400E3C4E5 /* Debug */,
				5AE95DDE281599C400E3C4E5 /* Release */,
			);
			defaultConfigurationIsVisible = 0;
			defaultConfigurationName = Release;
		};
/* End XCConfigurationList section */
	};
	rootObject = 5AE95DA4281599C200E3C4E5 /* Project object */;
}
